
Microsoft Visual Studio Solution File, Format Version 12.00
# Visual Studio Version 17
VisualStudioVersion = 17.14.36221.1 d17.14
MinimumVisualStudioVersion = 10.0.40219.1
Project("{FAE04EC0-301F-11D3-BF4B-00C04F79EFBC}") = "exception", "exception\exception.csproj", "{31D0B647-9B56-4DD9-993C-039E0DBF0DDD}"
EndProject
Global
	GlobalSection(SolutionConfigurationPlatforms) = preSolution
		Debug|Any CPU = Debug|Any CPU
		Release|Any CPU = Release|Any CPU
	EndGlobalSection
	GlobalSection(ProjectConfigurationPlatforms) = postSolution
		{31D0B647-9B56-4DD9-993C-039E0DBF0DDD}.Debug|Any CPU.ActiveCfg = Debug|Any CPU
		{31D0B647-9B56-4DD9-993C-039E0DBF0DDD}.Debug|Any CPU.Build.0 = Debug|Any CPU
		{31D0B647-9B56-4DD9-993C-039E0DBF0DDD}.Release|Any CPU.ActiveCfg = Release|Any CPU
		{31D0B647-9B56-4DD9-993C-039E0DBF0DDD}.Release|Any CPU.Build.0 = Release|Any CPU
	EndGlobalSection
	GlobalSection(SolutionProperties) = preSolution
		HideSolutionNode = FALSE
	EndGlobalSection
	GlobalSection(ExtensibilityGlobals) = postSolution
		SolutionGuid = {82AA4768-5ECE-4F5C-AD92-9EA3B8E29B33}
	EndGlobalSection
EndGlobal
