
Microsoft Visual Studio Solution File, Format Version 12.00
# Visual Studio Version 17
VisualStudioVersion = 17.14.36221.1 d17.14
MinimumVisualStudioVersion = 10.0.40219.1
Project("{FAE04EC0-301F-11D3-BF4B-00C04F79EFBC}") = "class_learn", "class_learn\class_learn.csproj", "{62EAD2DA-3CAD-4B1B-9BC6-80C9577DD19A}"
EndProject
Global
	GlobalSection(SolutionConfigurationPlatforms) = preSolution
		Debug|Any CPU = Debug|Any CPU
		Release|Any CPU = Release|Any CPU
	EndGlobalSection
	GlobalSection(ProjectConfigurationPlatforms) = postSolution
		{62EAD2DA-3CAD-4B1B-9BC6-80C9577DD19A}.Debug|Any CPU.ActiveCfg = Debug|Any CPU
		{62EAD2DA-3CAD-4B1B-9BC6-80C9577DD19A}.Debug|Any CPU.Build.0 = Debug|Any CPU
		{62EAD2DA-3CAD-4B1B-9BC6-80C9577DD19A}.Release|Any CPU.ActiveCfg = Release|Any CPU
		{62EAD2DA-3CAD-4B1B-9BC6-80C9577DD19A}.Release|Any CPU.Build.0 = Release|Any CPU
	EndGlobalSection
	GlobalSection(SolutionProperties) = preSolution
		HideSolutionNode = FALSE
	EndGlobalSection
	GlobalSection(ExtensibilityGlobals) = postSolution
		SolutionGuid = {26B91C1F-977E-4427-AB87-0B884EF8B6E7}
	EndGlobalSection
EndGlobal
