
Microsoft Visual Studio Solution File, Format Version 12.00
# Visual Studio Version 17
VisualStudioVersion = 17.14.36221.1 d17.14
MinimumVisualStudioVersion = 10.0.40219.1
Project("{FAE04EC0-301F-11D3-BF4B-00C04F79EFBC}") = "methods_cs", "methods_cs\methods_cs.csproj", "{A15CB0A5-A321-424B-9C3A-8D764DEC2761}"
EndProject
Global
	GlobalSection(SolutionConfigurationPlatforms) = preSolution
		Debug|Any CPU = Debug|Any CPU
		Release|Any CPU = Release|Any CPU
	EndGlobalSection
	GlobalSection(ProjectConfigurationPlatforms) = postSolution
		{A15CB0A5-A321-424B-9C3A-8D764DEC2761}.Debug|Any CPU.ActiveCfg = Debug|Any CPU
		{A15CB0A5-A321-424B-9C3A-8D764DEC2761}.Debug|Any CPU.Build.0 = Debug|Any CPU
		{A15CB0A5-A321-424B-9C3A-8D764DEC2761}.Release|Any CPU.ActiveCfg = Release|Any CPU
		{A15CB0A5-A321-424B-9C3A-8D764DEC2761}.Release|Any CPU.Build.0 = Release|Any CPU
	EndGlobalSection
	GlobalSection(SolutionProperties) = preSolution
		HideSolutionNode = FALSE
	EndGlobalSection
	GlobalSection(ExtensibilityGlobals) = postSolution
		SolutionGuid = {0CB6ED85-5749-4760-AE2C-AEE69A3C0D7C}
	EndGlobalSection
EndGlobal
